// !$*UTF8*$!
{
	archiveVersion = 1;
	classes = {
	};
	objectVersion = 46;
	objects = {

/* Begin PBXBuildFile section */
		59E2AD7C1D1721BE003197B5 /* AppDelegate.swift in Sources */ = {isa = PBXBuildFile; fileRef = 59E2AD7B1D1721BE003197B5 /* AppDelegate.swift */; };
		59E2AD831D1721BE003197B5 /* Main.storyboard in Resources */ = {isa = PBXBuildFile; fileRef = 59E2AD811D1721BE003197B5 /* Main.storyboard */; };
		59E2AD851D1721BE003197B5 /* Assets.xcassets in Resources */ = {isa = PBXBuildFile; fileRef = 59E2AD841D1721BE003197B5 /* Assets.xcassets */; };
		59E2AD881D1721BE003197B5 /* LaunchScreen.storyboard in Resources */ = {isa = PBXBuildFile; fileRef = 59E2AD861D1721BE003197B5 /* LaunchScreen.storyboard */; };
		59E2AD911D1721ED003197B5 /* CloudKit.framework in Frameworks */ = {isa = PBXBuildFile; fileRef = 59E2AD901D1721ED003197B5 /* CloudKit.framework */; };
		59E2AD931D1721FE003197B5 /* StoreKit.framework in Frameworks */ = {isa = PBXBuildFile; fileRef = 59E2AD921D1721FE003197B5 /* StoreKit.framework */; };
		59E2AD971D1724DC003197B5 /* ItemList.swift in Sources */ = {isa = PBXBuildFile; fileRef = 59E2AD961D1724DC003197B5 /* ItemList.swift */; };
		59E2AD991D172606003197B5 /* ItemDetail.swift in Sources */ = {isa = PBXBuildFile; fileRef = 59E2AD981D172606003197B5 /* ItemDetail.swift */; };
		59E2AD9B1D172800003197B5 /* Progress.swift in Sources */ = {isa = PBXBuildFile; fileRef = 59E2AD9A1D172800003197B5 /* Progress.swift */; };
		59E2AD9D1D172831003197B5 /* Settings.swift in Sources */ = {isa = PBXBuildFile; fileRef = 59E2AD9C1D172831003197B5 /* Settings.swift */; };
		59E2AD9F1D1738A8003197B5 /* itemListCell.swift in Sources */ = {isa = PBXBuildFile; fileRef = 59E2AD9E1D1738A8003197B5 /* itemListCell.swift */; };
/* End PBXBuildFile section */

/* Begin PBXFileReference section */
		59E2AD781D1721BE003197B5 /* metalgalaxy.app */ = {isa = PBXFileReference; explicitFileType = wrapper.application; includeInIndex = 0; path = metalgalaxy.app; sourceTree = BUILT_PRODUCTS_DIR; };
		59E2AD7B1D1721BE003197B5 /* AppDelegate.swift */ = {isa = PBXFileReference; lastKnownFileType = sourcecode.swift; path = AppDelegate.swift; sourceTree = "<group>"; };
		59E2AD821D1721BE003197B5 /* Base */ = {isa = PBXFileReference; lastKnownFileType = file.storyboard; name = Base; path = Base.lproj/Main.storyboard; sourceTree = "<group>"; };
		59E2AD841D1721BE003197B5 /* Assets.xcassets */ = {isa = PBXFileReference; lastKnownFileType = folder.assetcatalog; path = Assets.xcassets; sourceTree = "<group>"; };
		59E2AD871D1721BE003197B5 /* Base */ = {isa = PBXFileReference; lastKnownFileType = file.storyboard; name = Base; path = Base.lproj/LaunchScreen.storyboard; sourceTree = "<group>"; };
		59E2AD891D1721BE003197B5 /* Info.plist */ = {isa = PBXFileReference; lastKnownFileType = text.plist.xml; path = Info.plist; sourceTree = "<group>"; };
		59E2AD8F1D1721E6003197B5 /* metalgalaxy.entitlements */ = {isa = PBXFileReference; lastKnownFileType = text.xml; path = metalgalaxy.entitlements; sourceTree = "<group>"; };
		59E2AD901D1721ED003197B5 /* CloudKit.framework */ = {isa = PBXFileReference; lastKnownFileType = wrapper.framework; name = CloudKit.framework; path = System/Library/Frameworks/CloudKit.framework; sourceTree = SDKROOT; };
		59E2AD921D1721FE003197B5 /* StoreKit.framework */ = {isa = PBXFileReference; lastKnownFileType = wrapper.framework; name = StoreKit.framework; path = System/Library/Frameworks/StoreKit.framework; sourceTree = SDKROOT; };
		59E2AD961D1724DC003197B5 /* ItemList.swift */ = {isa = PBXFileReference; fileEncoding = 4; lastKnownFileType = sourcecode.swift; path = ItemList.swift; sourceTree = "<group>"; };
		59E2AD981D172606003197B5 /* ItemDetail.swift */ = {isa = PBXFileReference; fileEncoding = 4; lastKnownFileType = sourcecode.swift; path = ItemDetail.swift; sourceTree = "<group>"; };
		59E2AD9A1D172800003197B5 /* Progress.swift */ = {isa = PBXFileReference; fileEncoding = 4; lastKnownFileType = sourcecode.swift; path = Progress.swift; sourceTree = "<group>"; };
		59E2AD9C1D172831003197B5 /* Settings.swift */ = {isa = PBXFileReference; fileEncoding = 4; lastKnownFileType = sourcecode.swift; path = Settings.swift; sourceTree = "<group>"; };
		59E2AD9E1D1738A8003197B5 /* itemListCell.swift */ = {isa = PBXFileReference; fileEncoding = 4; lastKnownFileType = sourcecode.swift; path = itemListCell.swift; sourceTree = "<group>"; };
/* End PBXFileReference section */

/* Begin PBXFrameworksBuildPhase section */
		59E2AD751D1721BE003197B5 /* Frameworks */ = {
			isa = PBXFrameworksBuildPhase;
			buildActionMask = 2147483647;
			files = (
				59E2AD911D1721ED003197B5 /* CloudKit.framework in Frameworks */,
				59E2AD931D1721FE003197B5 /* StoreKit.framework in Frameworks */,
			);
			runOnlyForDeploymentPostprocessing = 0;
		};
/* End PBXFrameworksBuildPhase section */

/* Begin PBXGroup section */
		59E2AD6F1D1721BE003197B5 = {
			isa = PBXGroup;
			children = (
				59E2AD921D1721FE003197B5 /* StoreKit.framework */,
				59E2AD901D1721ED003197B5 /* CloudKit.framework */,
				59E2AD7A1D1721BE003197B5 /* metalgalaxy */,
				59E2AD791D1721BE003197B5 /* Products */,
			);
			sourceTree = "<group>";
		};
		59E2AD791D1721BE003197B5 /* Products */ = {
			isa = PBXGroup;
			children = (
				59E2AD781D1721BE003197B5 /* metalgalaxy.app */,
			);
			name = Products;
			sourceTree = "<group>";
		};
		59E2AD7A1D1721BE003197B5 /* metalgalaxy */ = {
			isa = PBXGroup;
			children = (
				59E2AD8F1D1721E6003197B5 /* metalgalaxy.entitlements */,
				59E2AD7B1D1721BE003197B5 /* AppDelegate.swift */,
				59E2AD811D1721BE003197B5 /* Main.storyboard */,
				59E2AD841D1721BE003197B5 /* Assets.xcassets */,
				59E2AD861D1721BE003197B5 /* LaunchScreen.storyboard */,
				59E2AD891D1721BE003197B5 /* Info.plist */,
				59E2AD961D1724DC003197B5 /* ItemList.swift */,
				59E2AD981D172606003197B5 /* ItemDetail.swift */,
				59E2AD9A1D172800003197B5 /* Progress.swift */,
				59E2AD9C1D172831003197B5 /* Settings.swift */,
				59E2AD9E1D1738A8003197B5 /* itemListCell.swift */,
			);
			path = metalgalaxy;
			sourceTree = "<group>";
		};
/* End PBXGroup section */

/* Begin PBXNativeTarget section */
		59E2AD771D1721BE003197B5 /* metalgalaxy */ = {
			isa = PBXNativeTarget;
			buildConfigurationList = 59E2AD8C1D1721BE003197B5 /* Build configuration list for PBXNativeTarget "metalgalaxy" */;
			buildPhases = (
				59E2AD741D1721BE003197B5 /* Sources */,
				59E2AD751D1721BE003197B5 /* Frameworks */,
				59E2AD761D1721BE003197B5 /* Resources */,
			);
			buildRules = (
			);
			dependencies = (
			);
			name = metalgalaxy;
			productName = metalgalaxy;
			productReference = 59E2AD781D1721BE003197B5 /* metalgalaxy.app */;
			productType = "com.apple.product-type.application";
		};
/* End PBXNativeTarget section */

/* Begin PBXProject section */
		59E2AD701D1721BE003197B5 /* Project object */ = {
			isa = PBXProject;
			attributes = {
				LastSwiftUpdateCheck = 0730;
				LastUpgradeCheck = 0730;
				ORGANIZATIONNAME = "Aaron Erdman";
				TargetAttributes = {
					59E2AD771D1721BE003197B5 = {
						CreatedOnToolsVersion = 7.3.1;
						DevelopmentTeam = 66E2E6WN2F;
						SystemCapabilities = {
							com.apple.DataProtection = {
								enabled = 1;
							};
							com.apple.InAppPurchase = {
								enabled = 1;
							};
							com.apple.Push = {
								enabled = 1;
							};
							com.apple.iCloud = {
								enabled = 1;
							};
						};
					};
				};
			};
			buildConfigurationList = 59E2AD731D1721BE003197B5 /* Build configuration list for PBXProject "metalgalaxy" */;
			compatibilityVersion = "Xcode 3.2";
			developmentRegion = English;
			hasScannedForEncodings = 0;
			knownRegions = (
				en,
				Base,
			);
			mainGroup = 59E2AD6F1D1721BE003197B5;
			productRefGroup = 59E2AD791D1721BE003197B5 /* Products */;
			projectDirPath = "";
			projectRoot = "";
			targets = (
				59E2AD771D1721BE003197B5 /* metalgalaxy */,
			);
		};
/* End PBXProject section */

/* Begin PBXResourcesBuildPhase section */
		59E2AD761D1721BE003197B5 /* Resources */ = {
			isa = PBXResourcesBuildPhase;
			buildActionMask = 2147483647;
			files = (
				59E2AD881D1721BE003197B5 /* LaunchScreen.storyboard in Resources */,
				59E2AD851D1721BE003197B5 /* Assets.xcassets in Resources */,
				59E2AD831D1721BE003197B5 /* Main.storyboard in Resources */,
			);
			runOnlyForDeploymentPostprocessing = 0;
		};
/* End PBXResourcesBuildPhase section */

/* Begin PBXSourcesBuildPhase section */
		59E2AD741D1721BE003197B5 /* Sources */ = {
			isa = PBXSourcesBuildPhase;
			buildActionMask = 2147483647;
			files = (
				59E2AD9F1D1738A8003197B5 /* itemListCell.swift in Sources */,
				59E2AD971D1724DC003197B5 /* ItemList.swift in Sources */,
				59E2AD991D172606003197B5 /* ItemDetail.swift in Sources */,
				59E2AD9B1D172800003197B5 /* Progress.swift in Sources */,
				59E2AD7C1D1721BE003197B5 /* AppDelegate.swift in Sources */,
				59E2AD9D1D172831003197B5 /* Settings.swift in Sources */,
			);
			runOnlyForDeploymentPostprocessing = 0;
		};
/* End PBXSourcesBuildPhase section */

/* Begin PBXVariantGroup section */
		59E2AD811D1721BE003197B5 /* Main.storyboard */ = {
			isa = PBXVariantGroup;
			children = (
				59E2AD821D1721BE003197B5 /* Base */,
			);
			name = Main.storyboard;
			sourceTree = "<group>";
		};
		59E2AD861D1721BE003197B5 /* LaunchScreen.storyboard */ = {
			isa = PBXVariantGroup;
			children = (
				59E2AD871D1721BE003197B5 /* Base */,
			);
			name = LaunchScreen.storyboard;
			sourceTree = "<group>";
		};
/* End PBXVariantGroup section */

/* Begin XCBuildConfiguration section */
		59E2AD8A1D1721BE003197B5 /* Debug */ = {
			isa = XCBuildConfiguration;
			buildSettings = {
				ALWAYS_SEARCH_USER_PATHS = NO;
				CLANG_ANALYZER_NONNULL = YES;
				CLANG_CXX_LANGUAGE_STANDARD = "gnu++0x";
				CLANG_CXX_LIBRARY = "libc++";
				CLANG_ENABLE_MODULES = YES;
				CLANG_ENABLE_OBJC_ARC = YES;
				CLANG_WARN_BOOL_CONVERSION = YES;
				CLANG_WARN_CONSTANT_CONVERSION = YES;
				CLANG_WARN_DIRECT_OBJC_ISA_USAGE = YES_ERROR;
				CLANG_WARN_EMPTY_BODY = YES;
				CLANG_WARN_ENUM_CONVERSION = YES;
				CLANG_WARN_INT_CONVERSION = YES;
				CLANG_WARN_OBJC_ROOT_CLASS = YES_ERROR;
				CLANG_WARN_UNREACHABLE_CODE = YES;
				CLANG_WARN__DUPLICATE_METHOD_MATCH = YES;
				"CODE_SIGN_IDENTITY[sdk=iphoneos*]" = "iPhone Developer";
				COPY_PHASE_STRIP = NO;
				DEBUG_INFORMATION_FORMAT = dwarf;
				ENABLE_STRICT_OBJC_MSGSEND = YES;
				ENABLE_TESTABILITY = YES;
				GCC_C_LANGUAGE_STANDARD = gnu99;
				GCC_DYNAMIC_NO_PIC = NO;
				GCC_NO_COMMON_BLOCKS = YES;
				GCC_OPTIMIZATION_LEVEL = 0;
				GCC_PREPROCESSOR_DEFINITIONS = (
					"DEBUG=1",
					"$(inherited)",
				);
				GCC_WARN_64_TO_32_BIT_CONVERSION = YES;
				GCC_WARN_ABOUT_RETURN_TYPE = YES_ERROR;
				GCC_WARN_UNDECLARED_SELECTOR = YES;
				GCC_WARN_UNINITIALIZED_AUTOS = YES_AGGRESSIVE;
				GCC_WARN_UNUSED_FUNCTION = YES;
				GCC_WARN_UNUSED_VARIABLE = YES;
				IPHONEOS_DEPLOYMENT_TARGET = 9.3;
				MTL_ENABLE_DEBUG_INFO = YES;
				ONLY_ACTIVE_ARCH = YES;
				SDKROOT = iphoneos;
				SWIFT_OPTIMIZATION_LEVEL = "-Onone";
				TARGETED_DEVICE_FAMILY = "1,2";
			};
			name = Debug;
		};
		59E2AD8B1D1721BE003197B5 /* Release */ = {
			isa = XCBuildConfiguration;
			buildSettings = {
				ALWAYS_SEARCH_USER_PATHS = NO;
				CLANG_ANALYZER_NONNULL = YES;
				CLANG_CXX_LANGUAGE_STANDARD = "gnu++0x";
				CLANG_CXX_LIBRARY = "libc++";
				CLANG_ENABLE_MODULES = YES;
				CLANG_ENABLE_OBJC_ARC = YES;
				CLANG_WARN_BOOL_CONVERSION = YES;
				CLANG_WARN_CONSTANT_CONVERSION = YES;
				CLANG_WARN_DIRECT_OBJC_ISA_USAGE = YES_ERROR;
				CLANG_WARN_EMPTY_BODY = YES;
				CLANG_WARN_ENUM_CONVERSION = YES;
				CLANG_WARN_INT_CONVERSION = YES;
				CLANG_WARN_OBJC_ROOT_CLASS = YES_ERROR;
				CLANG_WARN_UNREACHABLE_CODE = YES;
				CLANG_WARN__DUPLICATE_METHOD_MATCH = YES;
				"CODE_SIGN_IDENTITY[sdk=iphoneos*]" = "iPhone Developer";
				COPY_PHASE_STRIP = NO;
				DEBUG_INFORMATION_FORMAT = "dwarf-with-dsym";
				ENABLE_NS_ASSERTIONS = NO;
				ENABLE_STRICT_OBJC_MSGSEND = YES;
				GCC_C_LANGUAGE_STANDARD = gnu99;
				GCC_NO_COMMON_BLOCKS = YES;
				GCC_WARN_64_TO_32_BIT_CONVERSION = YES;
				GCC_WARN_ABOUT_RETURN_TYPE = YES_ERROR;
				GCC_WARN_UNDECLARED_SELECTOR = YES;
				GCC_WARN_UNINITIALIZED_AUTOS = YES_AGGRESSIVE;
				GCC_WARN_UNUSED_FUNCTION = YES;
				GCC_WARN_UNUSED_VARIABLE = YES;
				IPHONEOS_DEPLOYMENT_TARGET = 9.3;
				MTL_ENABLE_DEBUG_INFO = NO;
				SDKROOT = iphoneos;
				TARGETED_DEVICE_FAMILY = "1,2";
				VALIDATE_PRODUCT = YES;
			};
			name = Release;
		};
		59E2AD8D1D1721BE003197B5 /* Debug */ = {
			isa = XCBuildConfiguration;
			buildSettings = {
				ASSETCATALOG_COMPILER_APPICON_NAME = AppIcon;
				CODE_SIGN_ENTITLEMENTS = metalgalaxy/metalgalaxy.entitlements;
				CODE_SIGN_IDENTITY = "iPhone Developer";
				"CODE_SIGN_IDENTITY[sdk=iphoneos*]" = "iPhone Developer";
				INFOPLIST_FILE = metalgalaxy/Info.plist;
				LD_RUNPATH_SEARCH_PATHS = "$(inherited) @executable_path/Frameworks";
				PRODUCT_BUNDLE_IDENTIFIER = com.aaronerdman.metalgalaxy;
				PRODUCT_NAME = "$(TARGET_NAME)";
				PROVISIONING_PROFILE = "";
			};
			name = Debug;
		};
		59E2AD8E1D1721BE003197B5 /* Release */ = {
			isa = XCBuildConfiguration;
			buildSettings = {
				ASSETCATALOG_COMPILER_APPICON_NAME = AppIcon;
				CODE_SIGN_ENTITLEMENTS = metalgalaxy/metalgalaxy.entitlements;
				CODE_SIGN_IDENTITY = "iPhone Developer";
				"CODE_SIGN_IDENTITY[sdk=iphoneos*]" = "iPhone Developer";
				INFOPLIST_FILE = metalgalaxy/Info.plist;
				LD_RUNPATH_SEARCH_PATHS = "$(inherited) @executable_path/Frameworks";
				PRODUCT_BUNDLE_IDENTIFIER = com.aaronerdman.metalgalaxy;
				PRODUCT_NAME = "$(TARGET_NAME)";
				PROVISIONING_PROFILE = "";
			};
			name = Release;
		};
/* End XCBuildConfiguration section */

/* Begin XCConfigurationList section */
		59E2AD731D1721BE003197B5 /* Build configuration list for PBXProject "metalgalaxy" */ = {
			isa = XCConfigurationList;
			buildConfigurations = (
				59E2AD8A1D1721BE003197B5 /* Debug */,
				59E2AD8B1D1721BE003197B5 /* Release */,
			);
			defaultConfigurationIsVisible = 0;
			defaultConfigurationName = Release;
		};
		59E2AD8C1D1721BE003197B5 /* Build configuration list for PBXNativeTarget "metalgalaxy" */ = {
			isa = XCConfigurationList;
			buildConfigurations = (
				59E2AD8D1D1721BE003197B5 /* Debug */,
				59E2AD8E1D1721BE003197B5 /* Release */,
			);
			defaultConfigurationIsVisible = 0;
			defaultConfigurationName = Release;
		};
/* End XCConfigurationList section */
	};
	rootObject = 59E2AD701D1721BE003197B5 /* Project object */;
}
